
Microsoft Visual Studio Solution File, Format Version 12.00
# Visual Studio Version 16
VisualStudioVersion = 16.0.29009.5
MinimumVisualStudioVersion = 10.0.40219.1
Project("{2150E333-8FDC-42A3-9474-1A3956D46DE8}") = "Presentation", "Presentation", "{6E7F2262-27E1-4911-A6EE-128F91F988F2}"
EndProject
Project("{2150E333-8FDC-42A3-9474-1A3956D46DE8}") = "Application", "Application", "{1F38278D-DD04-423A-BCC1-3AD0C5FE7E9A}"
EndProject
Project("{2150E333-8FDC-42A3-9474-1A3956D46DE8}") = "Domain", "Domain", "{E8A4481F-BBAA-4A6F-BA0E-604A2306D6F0}"
EndProject
Project("{2150E333-8FDC-42A3-9474-1A3956D46DE8}") = "Infra.Data", "Infra.Data", "{C9C38539-7180-438E-A89E-3674BFA23768}"
EndProject
Project("{2150E333-8FDC-42A3-9474-1A3956D46DE8}") = "Infra.Ioc", "Infra.Ioc", "{E6306AE3-F268-4380-BC13-D15FCE36D5C2}"
EndProject
Project("{FAE04EC0-301F-11D3-BF4B-00C04F79EFBC}") = "Clean.Mvc", "Clean.Mvc\Clean.Mvc.csproj", "{32EE0F75-E0FD-4F0E-AD60-F7F0A191A10C}"
EndProject
Global
	GlobalSection(SolutionConfigurationPlatforms) = preSolution
		Debug|Any CPU = Debug|Any CPU
		Release|Any CPU = Release|Any CPU
	EndGlobalSection
	GlobalSection(ProjectConfigurationPlatforms) = postSolution
		{32EE0F75-E0FD-4F0E-AD60-F7F0A191A10C}.Debug|Any CPU.ActiveCfg = Debug|Any CPU
		{32EE0F75-E0FD-4F0E-AD60-F7F0A191A10C}.Debug|Any CPU.Build.0 = Debug|Any CPU
		{32EE0F75-E0FD-4F0E-AD60-F7F0A191A10C}.Release|Any CPU.ActiveCfg = Release|Any CPU
		{32EE0F75-E0FD-4F0E-AD60-F7F0A191A10C}.Release|Any CPU.Build.0 = Release|Any CPU
	EndGlobalSection
	GlobalSection(SolutionProperties) = preSolution
		HideSolutionNode = FALSE
	EndGlobalSection
	GlobalSection(NestedProjects) = preSolution
		{32EE0F75-E0FD-4F0E-AD60-F7F0A191A10C} = {6E7F2262-27E1-4911-A6EE-128F91F988F2}
	EndGlobalSection
	GlobalSection(ExtensibilityGlobals) = postSolution
		SolutionGuid = {0B078629-A55D-4CF6-B3A1-95A0D65AC63D}
	EndGlobalSection
EndGlobal
